
Microsoft Visual Studio Solution File, Format Version 11.00
# Visual Studio 2010
Project("{FAE04EC0-301F-11D3-BF4B-00C04F79EFBC}") = "BingWallpaperCrawler", "BingWallpaperCrawler\BingWallpaperCrawler.csproj", "{829C1976-9432-4D1A-8A6C-54A64DDFEABC}"
EndProject
Global
	GlobalSection(SolutionConfigurationPlatforms) = preSolution
		Debug|x86 = Debug|x86
		Release|x86 = Release|x86
	EndGlobalSection
	GlobalSection(ProjectConfigurationPlatforms) = postSolution
		{829C1976-9432-4D1A-8A6C-54A64DDFEABC}.Debug|x86.ActiveCfg = Debug|x86
		{829C1976-9432-4D1A-8A6C-54A64DDFEABC}.Debug|x86.Build.0 = Debug|x86
		{829C1976-9432-4D1A-8A6C-54A64DDFEABC}.Release|x86.ActiveCfg = Release|x86
		{829C1976-9432-4D1A-8A6C-54A64DDFEABC}.Release|x86.Build.0 = Release|x86
	EndGlobalSection
	GlobalSection(SolutionProperties) = preSolution
		HideSolutionNode = FALSE
	EndGlobalSection
EndGlobal
